// !$*UTF8*$!
{
	archiveVersion = 1;
	classes = {
	};
	objectVersion = 56;
	objects = {

/* Begin PBXBuildFile section */
		6823689B2C08678F0041015B /* RestaurantMap.storyboard in Resources */ = {isa = PBXBuildFile; fileRef = 6823689A2C08678F0041015B /* RestaurantMap.storyboard */; };
		6823689D2C0867B40041015B /* RestaurantMapViewController.swift in Sources */ = {isa = PBXBuildFile; fileRef = 6823689C2C0867B40041015B /* RestaurantMapViewController.swift */; };
		682EE2112C0219D1006D487A /* MarqueeLabel in Frameworks */ = {isa = PBXBuildFile; productRef = 682EE2102C0219D1006D487A /* MarqueeLabel */; };
		682EE2462C046E1B006D487A /* Travel.swift in Sources */ = {isa = PBXBuildFile; fileRef = 682EE2452C046E1B006D487A /* Travel.swift */; };
		682EE2482C0472D6006D487A /* PopularCityViewController.swift in Sources */ = {isa = PBXBuildFile; fileRef = 682EE2472C0472D6006D487A /* PopularCityViewController.swift */; };
		682EE24B2C047409006D487A /* PopularCityTableViewCell.xib in Resources */ = {isa = PBXBuildFile; fileRef = 682EE24A2C047409006D487A /* PopularCityTableViewCell.xib */; };
		682EE24C2C047409006D487A /* PopularCityTableViewCell.swift in Sources */ = {isa = PBXBuildFile; fileRef = 682EE2492C047409006D487A /* PopularCityTableViewCell.swift */; };
		6843349E2C0ADC4B003AC327 /* Chatting.storyboard in Resources */ = {isa = PBXBuildFile; fileRef = 6843349D2C0ADC4B003AC327 /* Chatting.storyboard */; };
		6876065A2C048C45006BC71C /* AdTableViewCell.swift in Sources */ = {isa = PBXBuildFile; fileRef = 687606582C048C45006BC71C /* AdTableViewCell.swift */; };
		6876065B2C048C45006BC71C /* AdTableViewCell.xib in Resources */ = {isa = PBXBuildFile; fileRef = 687606592C048C45006BC71C /* AdTableViewCell.xib */; };
		68920A512C01BB6A00833D35 /* AppDelegate.swift in Sources */ = {isa = PBXBuildFile; fileRef = 68920A502C01BB6A00833D35 /* AppDelegate.swift */; };
		68920A532C01BB6A00833D35 /* SceneDelegate.swift in Sources */ = {isa = PBXBuildFile; fileRef = 68920A522C01BB6A00833D35 /* SceneDelegate.swift */; };
		68920A552C01BB6A00833D35 /* ViewController.swift in Sources */ = {isa = PBXBuildFile; fileRef = 68920A542C01BB6A00833D35 /* ViewController.swift */; };
		68920A582C01BB6A00833D35 /* Base in Resources */ = {isa = PBXBuildFile; fileRef = 68920A572C01BB6A00833D35 /* Base */; };
		68920A5A2C01BB6B00833D35 /* Assets.xcassets in Resources */ = {isa = PBXBuildFile; fileRef = 68920A592C01BB6B00833D35 /* Assets.xcassets */; };
		68920A5D2C01BB6B00833D35 /* Base in Resources */ = {isa = PBXBuildFile; fileRef = 68920A5C2C01BB6B00833D35 /* Base */; };
		68920A662C01BC7200833D35 /* Magazine.swift in Sources */ = {isa = PBXBuildFile; fileRef = 68920A652C01BC7200833D35 /* Magazine.swift */; };
		68920A682C01BF6E00833D35 /* Restaurant.swift in Sources */ = {isa = PBXBuildFile; fileRef = 68920A672C01BF6E00833D35 /* Restaurant.swift */; };
		68920A6E2C01C0C000833D35 /* TravelMagazine.storyboard in Resources */ = {isa = PBXBuildFile; fileRef = 68920A6D2C01C0C000833D35 /* TravelMagazine.storyboard */; };
		68920A712C01C11300833D35 /* TravelMagazineTableViewController.swift in Sources */ = {isa = PBXBuildFile; fileRef = 68920A702C01C11300833D35 /* TravelMagazineTableViewController.swift */; };
		68920A742C01C17100833D35 /* TravelMagazineTableViewCell.swift in Sources */ = {isa = PBXBuildFile; fileRef = 68920A732C01C17100833D35 /* TravelMagazineTableViewCell.swift */; };
		68920A782C01D74400833D35 /* Kingfisher in Frameworks */ = {isa = PBXBuildFile; productRef = 68920A772C01D74400833D35 /* Kingfisher */; };
		68920A7A2C01E91C00833D35 /* SearchRestaurantTableViewController.swift in Sources */ = {isa = PBXBuildFile; fileRef = 68920A792C01E91C00833D35 /* SearchRestaurantTableViewController.swift */; };
		68920A7C2C01E95C00833D35 /* SearchRestaurantTableViewCell.swift in Sources */ = {isa = PBXBuildFile; fileRef = 68920A7B2C01E95C00833D35 /* SearchRestaurantTableViewCell.swift */; };
		689A157E2C0ADF5000AE138C /* ChattingData.swift in Sources */ = {isa = PBXBuildFile; fileRef = 689A157D2C0ADF5000AE138C /* ChattingData.swift */; };
		689A15802C0ADFD800AE138C /* ChattingViewController.swift in Sources */ = {isa = PBXBuildFile; fileRef = 689A157F2C0ADFD800AE138C /* ChattingViewController.swift */; };
		68FC2EC72C071F3500BFD7E1 /* TouristDestinationViewController.swift in Sources */ = {isa = PBXBuildFile; fileRef = 68FC2EC62C071F3500BFD7E1 /* TouristDestinationViewController.swift */; };
		68FC2EC92C071F5400BFD7E1 /* AdvertisementViewController.swift in Sources */ = {isa = PBXBuildFile; fileRef = 68FC2EC82C071F5400BFD7E1 /* AdvertisementViewController.swift */; };
		68FC2ECB2C07208200BFD7E1 /* TouristDestination.storyboard in Resources */ = {isa = PBXBuildFile; fileRef = 68FC2ECA2C07208200BFD7E1 /* TouristDestination.storyboard */; };
		68FC2ECE2C07209D00BFD7E1 /* Advertisement.storyboard in Resources */ = {isa = PBXBuildFile; fileRef = 68FC2ECD2C07209D00BFD7E1 /* Advertisement.storyboard */; };
		68FC2ED02C07287A00BFD7E1 /* City.swift in Sources */ = {isa = PBXBuildFile; fileRef = 68FC2ECF2C07287A00BFD7E1 /* City.swift */; };
		68FC2ED22C0729CC00BFD7E1 /* CityViewController.swift in Sources */ = {isa = PBXBuildFile; fileRef = 68FC2ED12C0729CC00BFD7E1 /* CityViewController.swift */; };
		68FC2ED52C072B0A00BFD7E1 /* CityTableViewCell.swift in Sources */ = {isa = PBXBuildFile; fileRef = 68FC2ED32C072B0A00BFD7E1 /* CityTableViewCell.swift */; };
		68FC2ED62C072B0A00BFD7E1 /* CityTableViewCell.xib in Resources */ = {isa = PBXBuildFile; fileRef = 68FC2ED42C072B0A00BFD7E1 /* CityTableViewCell.xib */; };
/* End PBXBuildFile section */

/* Begin PBXFileReference section */
		6823689A2C08678F0041015B /* RestaurantMap.storyboard */ = {isa = PBXFileReference; lastKnownFileType = file.storyboard; path = RestaurantMap.storyboard; sourceTree = "<group>"; };
		6823689C2C0867B40041015B /* RestaurantMapViewController.swift */ = {isa = PBXFileReference; lastKnownFileType = sourcecode.swift; path = RestaurantMapViewController.swift; sourceTree = "<group>"; };
		682EE2452C046E1B006D487A /* Travel.swift */ = {isa = PBXFileReference; lastKnownFileType = sourcecode.swift; path = Travel.swift; sourceTree = "<group>"; };
		682EE2472C0472D6006D487A /* PopularCityViewController.swift */ = {isa = PBXFileReference; lastKnownFileType = sourcecode.swift; path = PopularCityViewController.swift; sourceTree = "<group>"; };
		682EE2492C047409006D487A /* PopularCityTableViewCell.swift */ = {isa = PBXFileReference; lastKnownFileType = sourcecode.swift; path = PopularCityTableViewCell.swift; sourceTree = "<group>"; };
		682EE24A2C047409006D487A /* PopularCityTableViewCell.xib */ = {isa = PBXFileReference; lastKnownFileType = file.xib; path = PopularCityTableViewCell.xib; sourceTree = "<group>"; };
		6843349D2C0ADC4B003AC327 /* Chatting.storyboard */ = {isa = PBXFileReference; lastKnownFileType = file.storyboard; path = Chatting.storyboard; sourceTree = "<group>"; };
		687606582C048C45006BC71C /* AdTableViewCell.swift */ = {isa = PBXFileReference; lastKnownFileType = sourcecode.swift; path = AdTableViewCell.swift; sourceTree = "<group>"; };
		687606592C048C45006BC71C /* AdTableViewCell.xib */ = {isa = PBXFileReference; lastKnownFileType = file.xib; path = AdTableViewCell.xib; sourceTree = "<group>"; };
		68920A4D2C01BB6A00833D35 /* YegrTravelMagazineEX.app */ = {isa = PBXFileReference; explicitFileType = wrapper.application; includeInIndex = 0; path = YegrTravelMagazineEX.app; sourceTree = BUILT_PRODUCTS_DIR; };
		68920A502C01BB6A00833D35 /* AppDelegate.swift */ = {isa = PBXFileReference; lastKnownFileType = sourcecode.swift; path = AppDelegate.swift; sourceTree = "<group>"; };
		68920A522C01BB6A00833D35 /* SceneDelegate.swift */ = {isa = PBXFileReference; lastKnownFileType = sourcecode.swift; path = SceneDelegate.swift; sourceTree = "<group>"; };
		68920A542C01BB6A00833D35 /* ViewController.swift */ = {isa = PBXFileReference; lastKnownFileType = sourcecode.swift; path = ViewController.swift; sourceTree = "<group>"; };
		68920A572C01BB6A00833D35 /* Base */ = {isa = PBXFileReference; lastKnownFileType = file.storyboard; name = Base; path = Base.lproj/Main.storyboard; sourceTree = "<group>"; };
		68920A592C01BB6B00833D35 /* Assets.xcassets */ = {isa = PBXFileReference; lastKnownFileType = folder.assetcatalog; path = Assets.xcassets; sourceTree = "<group>"; };
		68920A5C2C01BB6B00833D35 /* Base */ = {isa = PBXFileReference; lastKnownFileType = file.storyboard; name = Base; path = Base.lproj/LaunchScreen.storyboard; sourceTree = "<group>"; };
		68920A5E2C01BB6B00833D35 /* Info.plist */ = {isa = PBXFileReference; lastKnownFileType = text.plist.xml; path = Info.plist; sourceTree = "<group>"; };
		68920A652C01BC7200833D35 /* Magazine.swift */ = {isa = PBXFileReference; lastKnownFileType = sourcecode.swift; path = Magazine.swift; sourceTree = "<group>"; };
		68920A672C01BF6E00833D35 /* Restaurant.swift */ = {isa = PBXFileReference; lastKnownFileType = sourcecode.swift; path = Restaurant.swift; sourceTree = "<group>"; };
		68920A6D2C01C0C000833D35 /* TravelMagazine.storyboard */ = {isa = PBXFileReference; lastKnownFileType = file.storyboard; path = TravelMagazine.storyboard; sourceTree = "<group>"; };
		68920A702C01C11300833D35 /* TravelMagazineTableViewController.swift */ = {isa = PBXFileReference; lastKnownFileType = sourcecode.swift; path = TravelMagazineTableViewController.swift; sourceTree = "<group>"; };
		68920A732C01C17100833D35 /* TravelMagazineTableViewCell.swift */ = {isa = PBXFileReference; lastKnownFileType = sourcecode.swift; path = TravelMagazineTableViewCell.swift; sourceTree = "<group>"; };
		68920A792C01E91C00833D35 /* SearchRestaurantTableViewController.swift */ = {isa = PBXFileReference; lastKnownFileType = sourcecode.swift; path = SearchRestaurantTableViewController.swift; sourceTree = "<group>"; };
		68920A7B2C01E95C00833D35 /* SearchRestaurantTableViewCell.swift */ = {isa = PBXFileReference; lastKnownFileType = sourcecode.swift; path = SearchRestaurantTableViewCell.swift; sourceTree = "<group>"; };
		689A157D2C0ADF5000AE138C /* ChattingData.swift */ = {isa = PBXFileReference; lastKnownFileType = sourcecode.swift; path = ChattingData.swift; sourceTree = "<group>"; };
		689A157F2C0ADFD800AE138C /* ChattingViewController.swift */ = {isa = PBXFileReference; lastKnownFileType = sourcecode.swift; path = ChattingViewController.swift; sourceTree = "<group>"; };
		68FC2EC62C071F3500BFD7E1 /* TouristDestinationViewController.swift */ = {isa = PBXFileReference; lastKnownFileType = sourcecode.swift; path = TouristDestinationViewController.swift; sourceTree = "<group>"; };
		68FC2EC82C071F5400BFD7E1 /* AdvertisementViewController.swift */ = {isa = PBXFileReference; lastKnownFileType = sourcecode.swift; path = AdvertisementViewController.swift; sourceTree = "<group>"; };
		68FC2ECA2C07208200BFD7E1 /* TouristDestination.storyboard */ = {isa = PBXFileReference; lastKnownFileType = file.storyboard; path = TouristDestination.storyboard; sourceTree = "<group>"; };
		68FC2ECD2C07209D00BFD7E1 /* Advertisement.storyboard */ = {isa = PBXFileReference; lastKnownFileType = file.storyboard; path = Advertisement.storyboard; sourceTree = "<group>"; };
		68FC2ECF2C07287A00BFD7E1 /* City.swift */ = {isa = PBXFileReference; lastKnownFileType = sourcecode.swift; path = City.swift; sourceTree = "<group>"; };
		68FC2ED12C0729CC00BFD7E1 /* CityViewController.swift */ = {isa = PBXFileReference; lastKnownFileType = sourcecode.swift; path = CityViewController.swift; sourceTree = "<group>"; };
		68FC2ED32C072B0A00BFD7E1 /* CityTableViewCell.swift */ = {isa = PBXFileReference; lastKnownFileType = sourcecode.swift; path = CityTableViewCell.swift; sourceTree = "<group>"; };
		68FC2ED42C072B0A00BFD7E1 /* CityTableViewCell.xib */ = {isa = PBXFileReference; lastKnownFileType = file.xib; path = CityTableViewCell.xib; sourceTree = "<group>"; };
/* End PBXFileReference section */

/* Begin PBXFrameworksBuildPhase section */
		68920A4A2C01BB6A00833D35 /* Frameworks */ = {
			isa = PBXFrameworksBuildPhase;
			buildActionMask = 2147483647;
			files = (
				682EE2112C0219D1006D487A /* MarqueeLabel in Frameworks */,
				68920A782C01D74400833D35 /* Kingfisher in Frameworks */,
			);
			runOnlyForDeploymentPostprocessing = 0;
		};
/* End PBXFrameworksBuildPhase section */

/* Begin PBXGroup section */
		68920A442C01BB6A00833D35 = {
			isa = PBXGroup;
			children = (
				68920A4F2C01BB6A00833D35 /* YegrTravelMagazineEX */,
				68920A4E2C01BB6A00833D35 /* Products */,
			);
			sourceTree = "<group>";
		};
		68920A4E2C01BB6A00833D35 /* Products */ = {
			isa = PBXGroup;
			children = (
				68920A4D2C01BB6A00833D35 /* YegrTravelMagazineEX.app */,
			);
			name = Products;
			sourceTree = "<group>";
		};
		68920A4F2C01BB6A00833D35 /* YegrTravelMagazineEX */ = {
			isa = PBXGroup;
			children = (
				68920A502C01BB6A00833D35 /* AppDelegate.swift */,
				68920A522C01BB6A00833D35 /* SceneDelegate.swift */,
				68920A6C2C01C09000833D35 /* MainStoryboard */,
				689A15812C0ADFEC00AE138C /* TravelVC */,
				689A15822C0ADFFD00AE138C /* SearchRestaurantVC */,
				689A15862C0AE06000AE138C /* MapVC */,
				689A15832C0AE00A00AE138C /* PopularCityDetailVC */,
				689A15842C0AE04100AE138C /* SearchPopularCityVC */,
				689A15852C0AE05800AE138C /* ChattingVC */,
				68920A722C01C12E00833D35 /* Cell */,
				68920A642C01BC5200833D35 /* Model */,
				68920A542C01BB6A00833D35 /* ViewController.swift */,
				68920A562C01BB6A00833D35 /* Main.storyboard */,
				68920A592C01BB6B00833D35 /* Assets.xcassets */,
				68920A5B2C01BB6B00833D35 /* LaunchScreen.storyboard */,
				68920A5E2C01BB6B00833D35 /* Info.plist */,
			);
			path = YegrTravelMagazineEX;
			sourceTree = "<group>";
		};
		68920A642C01BC5200833D35 /* Model */ = {
			isa = PBXGroup;
			children = (
				68920A652C01BC7200833D35 /* Magazine.swift */,
				68920A672C01BF6E00833D35 /* Restaurant.swift */,
				682EE2452C046E1B006D487A /* Travel.swift */,
				68FC2ECF2C07287A00BFD7E1 /* City.swift */,
				689A157D2C0ADF5000AE138C /* ChattingData.swift */,
			);
			path = Model;
			sourceTree = "<group>";
		};
		68920A6C2C01C09000833D35 /* MainStoryboard */ = {
			isa = PBXGroup;
			children = (
				68920A6D2C01C0C000833D35 /* TravelMagazine.storyboard */,
				68FC2ECA2C07208200BFD7E1 /* TouristDestination.storyboard */,
				68FC2ECD2C07209D00BFD7E1 /* Advertisement.storyboard */,
				6823689A2C08678F0041015B /* RestaurantMap.storyboard */,
				6843349D2C0ADC4B003AC327 /* Chatting.storyboard */,
			);
			path = MainStoryboard;
			sourceTree = "<group>";
		};
		68920A722C01C12E00833D35 /* Cell */ = {
			isa = PBXGroup;
			children = (
				68920A732C01C17100833D35 /* TravelMagazineTableViewCell.swift */,
				68920A7B2C01E95C00833D35 /* SearchRestaurantTableViewCell.swift */,
				682EE24A2C047409006D487A /* PopularCityTableViewCell.xib */,
				682EE2492C047409006D487A /* PopularCityTableViewCell.swift */,
				687606592C048C45006BC71C /* AdTableViewCell.xib */,
				687606582C048C45006BC71C /* AdTableViewCell.swift */,
				68FC2ED42C072B0A00BFD7E1 /* CityTableViewCell.xib */,
				68FC2ED32C072B0A00BFD7E1 /* CityTableViewCell.swift */,
			);
			path = Cell;
			sourceTree = "<group>";
		};
		689A15812C0ADFEC00AE138C /* TravelVC */ = {
			isa = PBXGroup;
			children = (
				68920A702C01C11300833D35 /* TravelMagazineTableViewController.swift */,
			);
			path = TravelVC;
			sourceTree = "<group>";
		};
		689A15822C0ADFFD00AE138C /* SearchRestaurantVC */ = {
			isa = PBXGroup;
			children = (
				68920A792C01E91C00833D35 /* SearchRestaurantTableViewController.swift */,
			);
			path = SearchRestaurantVC;
			sourceTree = "<group>";
		};
		689A15832C0AE00A00AE138C /* PopularCityDetailVC */ = {
			isa = PBXGroup;
			children = (
				68FC2EC62C071F3500BFD7E1 /* TouristDestinationViewController.swift */,
				682EE2472C0472D6006D487A /* PopularCityViewController.swift */,
				68FC2EC82C071F5400BFD7E1 /* AdvertisementViewController.swift */,
			);
			path = PopularCityDetailVC;
			sourceTree = "<group>";
		};
		689A15842C0AE04100AE138C /* SearchPopularCityVC */ = {
			isa = PBXGroup;
			children = (
				68FC2ED12C0729CC00BFD7E1 /* CityViewController.swift */,
			);
			path = SearchPopularCityVC;
			sourceTree = "<group>";
		};
		689A15852C0AE05800AE138C /* ChattingVC */ = {
			isa = PBXGroup;
			children = (
				689A157F2C0ADFD800AE138C /* ChattingViewController.swift */,
			);
			path = ChattingVC;
			sourceTree = "<group>";
		};
		689A15862C0AE06000AE138C /* MapVC */ = {
			isa = PBXGroup;
			children = (
				6823689C2C0867B40041015B /* RestaurantMapViewController.swift */,
			);
			path = MapVC;
			sourceTree = "<group>";
		};
/* End PBXGroup section */

/* Begin PBXNativeTarget section */
		68920A4C2C01BB6A00833D35 /* YegrTravelMagazineEX */ = {
			isa = PBXNativeTarget;
			buildConfigurationList = 68920A612C01BB6B00833D35 /* Build configuration list for PBXNativeTarget "YegrTravelMagazineEX" */;
			buildPhases = (
				68920A492C01BB6A00833D35 /* Sources */,
				68920A4A2C01BB6A00833D35 /* Frameworks */,
				68920A4B2C01BB6A00833D35 /* Resources */,
			);
			buildRules = (
			);
			dependencies = (
			);
			name = YegrTravelMagazineEX;
			packageProductDependencies = (
				68920A772C01D74400833D35 /* Kingfisher */,
				682EE2102C0219D1006D487A /* MarqueeLabel */,
			);
			productName = YegrTravelMagazineEX;
			productReference = 68920A4D2C01BB6A00833D35 /* YegrTravelMagazineEX.app */;
			productType = "com.apple.product-type.application";
		};
/* End PBXNativeTarget section */

/* Begin PBXProject section */
		68920A452C01BB6A00833D35 /* Project object */ = {
			isa = PBXProject;
			attributes = {
				BuildIndependentTargetsInParallel = 1;
				LastSwiftUpdateCheck = 1540;
				LastUpgradeCheck = 1540;
				TargetAttributes = {
					68920A4C2C01BB6A00833D35 = {
						CreatedOnToolsVersion = 15.4;
					};
				};
			};
			buildConfigurationList = 68920A482C01BB6A00833D35 /* Build configuration list for PBXProject "YegrTravelMagazineEX" */;
			compatibilityVersion = "Xcode 14.0";
			developmentRegion = en;
			hasScannedForEncodings = 0;
			knownRegions = (
				en,
				Base,
			);
			mainGroup = 68920A442C01BB6A00833D35;
			packageReferences = (
				68920A692C01C01100833D35 /* XCRemoteSwiftPackageReference "Kingfisher" */,
				682EE20F2C0219D1006D487A /* XCRemoteSwiftPackageReference "MarqueeLabel" */,
			);
			productRefGroup = 68920A4E2C01BB6A00833D35 /* Products */;
			projectDirPath = "";
			projectRoot = "";
			targets = (
				68920A4C2C01BB6A00833D35 /* YegrTravelMagazineEX */,
			);
		};
/* End PBXProject section */

/* Begin PBXResourcesBuildPhase section */
		68920A4B2C01BB6A00833D35 /* Resources */ = {
			isa = PBXResourcesBuildPhase;
			buildActionMask = 2147483647;
			files = (
				68FC2ECB2C07208200BFD7E1 /* TouristDestination.storyboard in Resources */,
				68920A5A2C01BB6B00833D35 /* Assets.xcassets in Resources */,
				6823689B2C08678F0041015B /* RestaurantMap.storyboard in Resources */,
				68FC2ECE2C07209D00BFD7E1 /* Advertisement.storyboard in Resources */,
				6843349E2C0ADC4B003AC327 /* Chatting.storyboard in Resources */,
				68920A5D2C01BB6B00833D35 /* Base in Resources */,
				6876065B2C048C45006BC71C /* AdTableViewCell.xib in Resources */,
				68920A6E2C01C0C000833D35 /* TravelMagazine.storyboard in Resources */,
				682EE24B2C047409006D487A /* PopularCityTableViewCell.xib in Resources */,
				68FC2ED62C072B0A00BFD7E1 /* CityTableViewCell.xib in Resources */,
				68920A582C01BB6A00833D35 /* Base in Resources */,
			);
			runOnlyForDeploymentPostprocessing = 0;
		};
/* End PBXResourcesBuildPhase section */

/* Begin PBXSourcesBuildPhase section */
		68920A492C01BB6A00833D35 /* Sources */ = {
			isa = PBXSourcesBuildPhase;
			buildActionMask = 2147483647;
			files = (
				68FC2ED52C072B0A00BFD7E1 /* CityTableViewCell.swift in Sources */,
				68920A682C01BF6E00833D35 /* Restaurant.swift in Sources */,
				68920A552C01BB6A00833D35 /* ViewController.swift in Sources */,
				68920A7A2C01E91C00833D35 /* SearchRestaurantTableViewController.swift in Sources */,
				682EE2462C046E1B006D487A /* Travel.swift in Sources */,
				682EE24C2C047409006D487A /* PopularCityTableViewCell.swift in Sources */,
				68920A662C01BC7200833D35 /* Magazine.swift in Sources */,
				68920A512C01BB6A00833D35 /* AppDelegate.swift in Sources */,
				6823689D2C0867B40041015B /* RestaurantMapViewController.swift in Sources */,
				68920A7C2C01E95C00833D35 /* SearchRestaurantTableViewCell.swift in Sources */,
				68FC2EC72C071F3500BFD7E1 /* TouristDestinationViewController.swift in Sources */,
				68920A532C01BB6A00833D35 /* SceneDelegate.swift in Sources */,
				6876065A2C048C45006BC71C /* AdTableViewCell.swift in Sources */,
				689A157E2C0ADF5000AE138C /* ChattingData.swift in Sources */,
				68920A712C01C11300833D35 /* TravelMagazineTableViewController.swift in Sources */,
				689A15802C0ADFD800AE138C /* ChattingViewController.swift in Sources */,
				682EE2482C0472D6006D487A /* PopularCityViewController.swift in Sources */,
				68920A742C01C17100833D35 /* TravelMagazineTableViewCell.swift in Sources */,
				68FC2ED02C07287A00BFD7E1 /* City.swift in Sources */,
				68FC2ED22C0729CC00BFD7E1 /* CityViewController.swift in Sources */,
				68FC2EC92C071F5400BFD7E1 /* AdvertisementViewController.swift in Sources */,
			);
			runOnlyForDeploymentPostprocessing = 0;
		};
/* End PBXSourcesBuildPhase section */

/* Begin PBXVariantGroup section */
		68920A562C01BB6A00833D35 /* Main.storyboard */ = {
			isa = PBXVariantGroup;
			children = (
				68920A572C01BB6A00833D35 /* Base */,
			);
			name = Main.storyboard;
			sourceTree = "<group>";
		};
		68920A5B2C01BB6B00833D35 /* LaunchScreen.storyboard */ = {
			isa = PBXVariantGroup;
			children = (
				68920A5C2C01BB6B00833D35 /* Base */,
			);
			name = LaunchScreen.storyboard;
			sourceTree = "<group>";
		};
/* End PBXVariantGroup section */

/* Begin XCBuildConfiguration section */
		68920A5F2C01BB6B00833D35 /* Debug */ = {
			isa = XCBuildConfiguration;
			buildSettings = {
				ALWAYS_SEARCH_USER_PATHS = NO;
				ASSETCATALOG_COMPILER_GENERATE_SWIFT_ASSET_SYMBOL_EXTENSIONS = YES;
				CLANG_ANALYZER_NONNULL = YES;
				CLANG_ANALYZER_NUMBER_OBJECT_CONVERSION = YES_AGGRESSIVE;
				CLANG_CXX_LANGUAGE_STANDARD = "gnu++20";
				CLANG_ENABLE_MODULES = YES;
				CLANG_ENABLE_OBJC_ARC = YES;
				CLANG_ENABLE_OBJC_WEAK = YES;
				CLANG_WARN_BLOCK_CAPTURE_AUTORELEASING = YES;
				CLANG_WARN_BOOL_CONVERSION = YES;
				CLANG_WARN_COMMA = YES;
				CLANG_WARN_CONSTANT_CONVERSION = YES;
				CLANG_WARN_DEPRECATED_OBJC_IMPLEMENTATIONS = YES;
				CLANG_WARN_DIRECT_OBJC_ISA_USAGE = YES_ERROR;
				CLANG_WARN_DOCUMENTATION_COMMENTS = YES;
				CLANG_WARN_EMPTY_BODY = YES;
				CLANG_WARN_ENUM_CONVERSION = YES;
				CLANG_WARN_INFINITE_RECURSION = YES;
				CLANG_WARN_INT_CONVERSION = YES;
				CLANG_WARN_NON_LITERAL_NULL_CONVERSION = YES;
				CLANG_WARN_OBJC_IMPLICIT_RETAIN_SELF = YES;
				CLANG_WARN_OBJC_LITERAL_CONVERSION = YES;
				CLANG_WARN_OBJC_ROOT_CLASS = YES_ERROR;
				CLANG_WARN_QUOTED_INCLUDE_IN_FRAMEWORK_HEADER = YES;
				CLANG_WARN_RANGE_LOOP_ANALYSIS = YES;
				CLANG_WARN_STRICT_PROTOTYPES = YES;
				CLANG_WARN_SUSPICIOUS_MOVE = YES;
				CLANG_WARN_UNGUARDED_AVAILABILITY = YES_AGGRESSIVE;
				CLANG_WARN_UNREACHABLE_CODE = YES;
				CLANG_WARN__DUPLICATE_METHOD_MATCH = YES;
				COPY_PHASE_STRIP = NO;
				DEBUG_INFORMATION_FORMAT = dwarf;
				ENABLE_STRICT_OBJC_MSGSEND = YES;
				ENABLE_TESTABILITY = YES;
				ENABLE_USER_SCRIPT_SANDBOXING = YES;
				GCC_C_LANGUAGE_STANDARD = gnu17;
				GCC_DYNAMIC_NO_PIC = NO;
				GCC_NO_COMMON_BLOCKS = YES;
				GCC_OPTIMIZATION_LEVEL = 0;
				GCC_PREPROCESSOR_DEFINITIONS = (
					"DEBUG=1",
					"$(inherited)",
				);
				GCC_WARN_64_TO_32_BIT_CONVERSION = YES;
				GCC_WARN_ABOUT_RETURN_TYPE = YES_ERROR;
				GCC_WARN_UNDECLARED_SELECTOR = YES;
				GCC_WARN_UNINITIALIZED_AUTOS = YES_AGGRESSIVE;
				GCC_WARN_UNUSED_FUNCTION = YES;
				GCC_WARN_UNUSED_VARIABLE = YES;
				IPHONEOS_DEPLOYMENT_TARGET = 17.5;
				LOCALIZATION_PREFERS_STRING_CATALOGS = YES;
				MTL_ENABLE_DEBUG_INFO = INCLUDE_SOURCE;
				MTL_FAST_MATH = YES;
				ONLY_ACTIVE_ARCH = YES;
				SDKROOT = iphoneos;
				SWIFT_ACTIVE_COMPILATION_CONDITIONS = "DEBUG $(inherited)";
				SWIFT_OPTIMIZATION_LEVEL = "-Onone";
			};
			name = Debug;
		};
		68920A602C01BB6B00833D35 /* Release */ = {
			isa = XCBuildConfiguration;
			buildSettings = {
				ALWAYS_SEARCH_USER_PATHS = NO;
				ASSETCATALOG_COMPILER_GENERATE_SWIFT_ASSET_SYMBOL_EXTENSIONS = YES;
				CLANG_ANALYZER_NONNULL = YES;
				CLANG_ANALYZER_NUMBER_OBJECT_CONVERSION = YES_AGGRESSIVE;
				CLANG_CXX_LANGUAGE_STANDARD = "gnu++20";
				CLANG_ENABLE_MODULES = YES;
				CLANG_ENABLE_OBJC_ARC = YES;
				CLANG_ENABLE_OBJC_WEAK = YES;
				CLANG_WARN_BLOCK_CAPTURE_AUTORELEASING = YES;
				CLANG_WARN_BOOL_CONVERSION = YES;
				CLANG_WARN_COMMA = YES;
				CLANG_WARN_CONSTANT_CONVERSION = YES;
				CLANG_WARN_DEPRECATED_OBJC_IMPLEMENTATIONS = YES;
				CLANG_WARN_DIRECT_OBJC_ISA_USAGE = YES_ERROR;
				CLANG_WARN_DOCUMENTATION_COMMENTS = YES;
				CLANG_WARN_EMPTY_BODY = YES;
				CLANG_WARN_ENUM_CONVERSION = YES;
				CLANG_WARN_INFINITE_RECURSION = YES;
				CLANG_WARN_INT_CONVERSION = YES;
				CLANG_WARN_NON_LITERAL_NULL_CONVERSION = YES;
				CLANG_WARN_OBJC_IMPLICIT_RETAIN_SELF = YES;
				CLANG_WARN_OBJC_LITERAL_CONVERSION = YES;
				CLANG_WARN_OBJC_ROOT_CLASS = YES_ERROR;
				CLANG_WARN_QUOTED_INCLUDE_IN_FRAMEWORK_HEADER = YES;
				CLANG_WARN_RANGE_LOOP_ANALYSIS = YES;
				CLANG_WARN_STRICT_PROTOTYPES = YES;
				CLANG_WARN_SUSPICIOUS_MOVE = YES;
				CLANG_WARN_UNGUARDED_AVAILABILITY = YES_AGGRESSIVE;
				CLANG_WARN_UNREACHABLE_CODE = YES;
				CLANG_WARN__DUPLICATE_METHOD_MATCH = YES;
				COPY_PHASE_STRIP = NO;
				DEBUG_INFORMATION_FORMAT = "dwarf-with-dsym";
				ENABLE_NS_ASSERTIONS = NO;
				ENABLE_STRICT_OBJC_MSGSEND = YES;
				ENABLE_USER_SCRIPT_SANDBOXING = YES;
				GCC_C_LANGUAGE_STANDARD = gnu17;
				GCC_NO_COMMON_BLOCKS = YES;
				GCC_WARN_64_TO_32_BIT_CONVERSION = YES;
				GCC_WARN_ABOUT_RETURN_TYPE = YES_ERROR;
				GCC_WARN_UNDECLARED_SELECTOR = YES;
				GCC_WARN_UNINITIALIZED_AUTOS = YES_AGGRESSIVE;
				GCC_WARN_UNUSED_FUNCTION = YES;
				GCC_WARN_UNUSED_VARIABLE = YES;
				IPHONEOS_DEPLOYMENT_TARGET = 17.5;
				LOCALIZATION_PREFERS_STRING_CATALOGS = YES;
				MTL_ENABLE_DEBUG_INFO = NO;
				MTL_FAST_MATH = YES;
				SDKROOT = iphoneos;
				SWIFT_COMPILATION_MODE = wholemodule;
				VALIDATE_PRODUCT = YES;
			};
			name = Release;
		};
		68920A622C01BB6B00833D35 /* Debug */ = {
			isa = XCBuildConfiguration;
			buildSettings = {
				ASSETCATALOG_COMPILER_APPICON_NAME = AppIcon;
				ASSETCATALOG_COMPILER_GLOBAL_ACCENT_COLOR_NAME = AccentColor;
				CODE_SIGN_STYLE = Automatic;
				CURRENT_PROJECT_VERSION = 1;
				DEVELOPMENT_TEAM = 3G6N8FDHBM;
				GENERATE_INFOPLIST_FILE = YES;
				INFOPLIST_FILE = YegrTravelMagazineEX/Info.plist;
				INFOPLIST_KEY_UIApplicationSupportsIndirectInputEvents = YES;
				INFOPLIST_KEY_UILaunchStoryboardName = LaunchScreen;
				INFOPLIST_KEY_UIMainStoryboardFile = Main;
				INFOPLIST_KEY_UISupportedInterfaceOrientations_iPad = "UIInterfaceOrientationPortrait UIInterfaceOrientationPortraitUpsideDown UIInterfaceOrientationLandscapeLeft UIInterfaceOrientationLandscapeRight";
				INFOPLIST_KEY_UISupportedInterfaceOrientations_iPhone = "UIInterfaceOrientationPortrait UIInterfaceOrientationLandscapeLeft UIInterfaceOrientationLandscapeRight";
				IPHONEOS_DEPLOYMENT_TARGET = 17.1;
				LD_RUNPATH_SEARCH_PATHS = (
					"$(inherited)",
					"@executable_path/Frameworks",
				);
				MARKETING_VERSION = 1.0;
				PRODUCT_BUNDLE_IDENTIFIER = YJ.YegrTravelMagazineEX;
				PRODUCT_NAME = "$(TARGET_NAME)";
				SWIFT_EMIT_LOC_STRINGS = YES;
				SWIFT_VERSION = 5.0;
				TARGETED_DEVICE_FAMILY = "1,2";
			};
			name = Debug;
		};
		68920A632C01BB6B00833D35 /* Release */ = {
			isa = XCBuildConfiguration;
			buildSettings = {
				ASSETCATALOG_COMPILER_APPICON_NAME = AppIcon;
				ASSETCATALOG_COMPILER_GLOBAL_ACCENT_COLOR_NAME = AccentColor;
				CODE_SIGN_STYLE = Automatic;
				CURRENT_PROJECT_VERSION = 1;
				DEVELOPMENT_TEAM = 3G6N8FDHBM;
				GENERATE_INFOPLIST_FILE = YES;
				INFOPLIST_FILE = YegrTravelMagazineEX/Info.plist;
				INFOPLIST_KEY_UIApplicationSupportsIndirectInputEvents = YES;
				INFOPLIST_KEY_UILaunchStoryboardName = LaunchScreen;
				INFOPLIST_KEY_UIMainStoryboardFile = Main;
				INFOPLIST_KEY_UISupportedInterfaceOrientations_iPad = "UIInterfaceOrientationPortrait UIInterfaceOrientationPortraitUpsideDown UIInterfaceOrientationLandscapeLeft UIInterfaceOrientationLandscapeRight";
				INFOPLIST_KEY_UISupportedInterfaceOrientations_iPhone = "UIInterfaceOrientationPortrait UIInterfaceOrientationLandscapeLeft UIInterfaceOrientationLandscapeRight";
				IPHONEOS_DEPLOYMENT_TARGET = 17.1;
				LD_RUNPATH_SEARCH_PATHS = (
					"$(inherited)",
					"@executable_path/Frameworks",
				);
				MARKETING_VERSION = 1.0;
				PRODUCT_BUNDLE_IDENTIFIER = YJ.YegrTravelMagazineEX;
				PRODUCT_NAME = "$(TARGET_NAME)";
				SWIFT_EMIT_LOC_STRINGS = YES;
				SWIFT_VERSION = 5.0;
				TARGETED_DEVICE_FAMILY = "1,2";
			};
			name = Release;
		};
/* End XCBuildConfiguration section */

/* Begin XCConfigurationList section */
		68920A482C01BB6A00833D35 /* Build configuration list for PBXProject "YegrTravelMagazineEX" */ = {
			isa = XCConfigurationList;
			buildConfigurations = (
				68920A5F2C01BB6B00833D35 /* Debug */,
				68920A602C01BB6B00833D35 /* Release */,
			);
			defaultConfigurationIsVisible = 0;
			defaultConfigurationName = Release;
		};
		68920A612C01BB6B00833D35 /* Build configuration list for PBXNativeTarget "YegrTravelMagazineEX" */ = {
			isa = XCConfigurationList;
			buildConfigurations = (
				68920A622C01BB6B00833D35 /* Debug */,
				68920A632C01BB6B00833D35 /* Release */,
			);
			defaultConfigurationIsVisible = 0;
			defaultConfigurationName = Release;
		};
/* End XCConfigurationList section */

/* Begin XCRemoteSwiftPackageReference section */
		682EE20F2C0219D1006D487A /* XCRemoteSwiftPackageReference "MarqueeLabel" */ = {
			isa = XCRemoteSwiftPackageReference;
			repositoryURL = "https://github.com/cbpowell/MarqueeLabel.git";
			requirement = {
				kind = upToNextMajorVersion;
				minimumVersion = 4.5.0;
			};
		};
		68920A692C01C01100833D35 /* XCRemoteSwiftPackageReference "Kingfisher" */ = {
			isa = XCRemoteSwiftPackageReference;
			repositoryURL = "https://github.com/onevcat/Kingfisher.git";
			requirement = {
				kind = upToNextMajorVersion;
				minimumVersion = 7.11.0;
			};
		};
/* End XCRemoteSwiftPackageReference section */

/* Begin XCSwiftPackageProductDependency section */
		682EE2102C0219D1006D487A /* MarqueeLabel */ = {
			isa = XCSwiftPackageProductDependency;
			package = 682EE20F2C0219D1006D487A /* XCRemoteSwiftPackageReference "MarqueeLabel" */;
			productName = MarqueeLabel;
		};
		68920A772C01D74400833D35 /* Kingfisher */ = {
			isa = XCSwiftPackageProductDependency;
			package = 68920A692C01C01100833D35 /* XCRemoteSwiftPackageReference "Kingfisher" */;
			productName = Kingfisher;
		};
/* End XCSwiftPackageProductDependency section */
	};
	rootObject = 68920A452C01BB6A00833D35 /* Project object */;
}
